// !$*UTF8*$!
{
	archiveVersion = 1;
	classes = {
	};
	objectVersion = 50;
	objects = {

/* Begin PBXBuildFile section */
		7DBDE37726BE66A300478255 /* TouchdownApp.swift in Sources */ = {isa = PBXBuildFile; fileRef = 7DBDE37626BE66A300478255 /* TouchdownApp.swift */; };
		7DBDE37926BE66A300478255 /* ContentView.swift in Sources */ = {isa = PBXBuildFile; fileRef = 7DBDE37826BE66A300478255 /* ContentView.swift */; };
		7DBDE37B26BE66A800478255 /* Assets.xcassets in Resources */ = {isa = PBXBuildFile; fileRef = 7DBDE37A26BE66A800478255 /* Assets.xcassets */; };
		7DBDE37E26BE66A800478255 /* Preview Assets.xcassets in Resources */ = {isa = PBXBuildFile; fileRef = 7DBDE37D26BE66A800478255 /* Preview Assets.xcassets */; };
		7DBDE38B26BE678900478255 /* category.json in Resources */ = {isa = PBXBuildFile; fileRef = 7DBDE38726BE678700478255 /* category.json */; };
		7DBDE38C26BE678900478255 /* brand.json in Resources */ = {isa = PBXBuildFile; fileRef = 7DBDE38826BE678800478255 /* brand.json */; };
		7DBDE38D26BE678900478255 /* player.json in Resources */ = {isa = PBXBuildFile; fileRef = 7DBDE38926BE678800478255 /* player.json */; };
		7DBDE38E26BE678900478255 /* product.json in Resources */ = {isa = PBXBuildFile; fileRef = 7DBDE38A26BE678900478255 /* product.json */; };
		7DBDE39C26BE69CC00478255 /* Constant.swift in Sources */ = {isa = PBXBuildFile; fileRef = 7DBDE39B26BE69CC00478255 /* Constant.swift */; };
		7DBDE3A026BE6AF400478255 /* FooterView.swift in Sources */ = {isa = PBXBuildFile; fileRef = 7DBDE39F26BE6AF400478255 /* FooterView.swift */; };
		7DBDE3A526BE714100478255 /* NavigationBarView.swift in Sources */ = {isa = PBXBuildFile; fileRef = 7DBDE3A426BE714100478255 /* NavigationBarView.swift */; };
		7DBDE3A826BE72C800478255 /* LogoView.swift in Sources */ = {isa = PBXBuildFile; fileRef = 7DBDE3A726BE72C800478255 /* LogoView.swift */; };
/* End PBXBuildFile section */

/* Begin PBXFileReference section */
		7DBDE37326BE66A300478255 /* Touchdown.app */ = {isa = PBXFileReference; explicitFileType = wrapper.application; includeInIndex = 0; path = Touchdown.app; sourceTree = BUILT_PRODUCTS_DIR; };
		7DBDE37626BE66A300478255 /* TouchdownApp.swift */ = {isa = PBXFileReference; lastKnownFileType = sourcecode.swift; path = TouchdownApp.swift; sourceTree = "<group>"; };
		7DBDE37826BE66A300478255 /* ContentView.swift */ = {isa = PBXFileReference; lastKnownFileType = sourcecode.swift; path = ContentView.swift; sourceTree = "<group>"; };
		7DBDE37A26BE66A800478255 /* Assets.xcassets */ = {isa = PBXFileReference; lastKnownFileType = folder.assetcatalog; path = Assets.xcassets; sourceTree = "<group>"; };
		7DBDE37D26BE66A800478255 /* Preview Assets.xcassets */ = {isa = PBXFileReference; lastKnownFileType = folder.assetcatalog; path = "Preview Assets.xcassets"; sourceTree = "<group>"; };
		7DBDE37F26BE66A800478255 /* Info.plist */ = {isa = PBXFileReference; lastKnownFileType = text.plist.xml; path = Info.plist; sourceTree = "<group>"; };
		7DBDE38726BE678700478255 /* category.json */ = {isa = PBXFileReference; fileEncoding = 4; lastKnownFileType = text.json; path = category.json; sourceTree = "<group>"; };
		7DBDE38826BE678800478255 /* brand.json */ = {isa = PBXFileReference; fileEncoding = 4; lastKnownFileType = text.json; path = brand.json; sourceTree = "<group>"; };
		7DBDE38926BE678800478255 /* player.json */ = {isa = PBXFileReference; fileEncoding = 4; lastKnownFileType = text.json; path = player.json; sourceTree = "<group>"; };
		7DBDE38A26BE678900478255 /* product.json */ = {isa = PBXFileReference; fileEncoding = 4; lastKnownFileType = text.json; path = product.json; sourceTree = "<group>"; };
		7DBDE39B26BE69CC00478255 /* Constant.swift */ = {isa = PBXFileReference; lastKnownFileType = sourcecode.swift; path = Constant.swift; sourceTree = "<group>"; };
		7DBDE39F26BE6AF400478255 /* FooterView.swift */ = {isa = PBXFileReference; lastKnownFileType = sourcecode.swift; path = FooterView.swift; sourceTree = "<group>"; };
		7DBDE3A426BE714100478255 /* NavigationBarView.swift */ = {isa = PBXFileReference; lastKnownFileType = sourcecode.swift; path = NavigationBarView.swift; sourceTree = "<group>"; };
		7DBDE3A726BE72C800478255 /* LogoView.swift */ = {isa = PBXFileReference; lastKnownFileType = sourcecode.swift; path = LogoView.swift; sourceTree = "<group>"; };
/* End PBXFileReference section */

/* Begin PBXFrameworksBuildPhase section */
		7DBDE37026BE66A300478255 /* Frameworks */ = {
			isa = PBXFrameworksBuildPhase;
			buildActionMask = 2147483647;
			files = (
			);
			runOnlyForDeploymentPostprocessing = 0;
		};
/* End PBXFrameworksBuildPhase section */

/* Begin PBXGroup section */
		7DBDE36A26BE66A300478255 = {
			isa = PBXGroup;
			children = (
				7DBDE37526BE66A300478255 /* Touchdown */,
				7DBDE37426BE66A300478255 /* Products */,
			);
			sourceTree = "<group>";
		};
		7DBDE37426BE66A300478255 /* Products */ = {
			isa = PBXGroup;
			children = (
				7DBDE37326BE66A300478255 /* Touchdown.app */,
			);
			name = Products;
			sourceTree = "<group>";
		};
		7DBDE37526BE66A300478255 /* Touchdown */ = {
			isa = PBXGroup;
			children = (
				7DBDE39326BE68CF00478255 /* App */,
				7DBDE39426BE692100478255 /* View */,
				7DBDE39026BE679800478255 /* Data */,
				7DBDE39726BE694300478255 /* Model */,
				7DBDE39826BE694800478255 /* Extension */,
				7DBDE39926BE695300478255 /* Utility */,
				7DBDE37A26BE66A800478255 /* Assets.xcassets */,
				7DBDE37F26BE66A800478255 /* Info.plist */,
				7DBDE37C26BE66A800478255 /* Preview Content */,
			);
			path = Touchdown;
			sourceTree = "<group>";
		};
		7DBDE37C26BE66A800478255 /* Preview Content */ = {
			isa = PBXGroup;
			children = (
				7DBDE37D26BE66A800478255 /* Preview Assets.xcassets */,
			);
			path = "Preview Content";
			sourceTree = "<group>";
		};
		7DBDE39026BE679800478255 /* Data */ = {
			isa = PBXGroup;
			children = (
				7DBDE38A26BE678900478255 /* product.json */,
				7DBDE38826BE678800478255 /* brand.json */,
				7DBDE38726BE678700478255 /* category.json */,
				7DBDE38926BE678800478255 /* player.json */,
			);
			path = Data;
			sourceTree = "<group>";
		};
		7DBDE39326BE68CF00478255 /* App */ = {
			isa = PBXGroup;
			children = (
				7DBDE37826BE66A300478255 /* ContentView.swift */,
				7DBDE37626BE66A300478255 /* TouchdownApp.swift */,
			);
			path = App;
			sourceTree = "<group>";
		};
		7DBDE39426BE692100478255 /* View */ = {
			isa = PBXGroup;
			children = (
				7DBDE39526BE693200478255 /* Home */,
				7DBDE39626BE693A00478255 /* Detail */,
			);
			path = View;
			sourceTree = "<group>";
		};
		7DBDE39526BE693200478255 /* Home */ = {
			isa = PBXGroup;
			children = (
				7DBDE39F26BE6AF400478255 /* FooterView.swift */,
				7DBDE3A426BE714100478255 /* NavigationBarView.swift */,
				7DBDE3A726BE72C800478255 /* LogoView.swift */,
			);
			path = Home;
			sourceTree = "<group>";
		};
		7DBDE39626BE693A00478255 /* Detail */ = {
			isa = PBXGroup;
			children = (
			);
			path = Detail;
			sourceTree = "<group>";
		};
		7DBDE39726BE694300478255 /* Model */ = {
			isa = PBXGroup;
			children = (
			);
			path = Model;
			sourceTree = "<group>";
		};
		7DBDE39826BE694800478255 /* Extension */ = {
			isa = PBXGroup;
			children = (
			);
			path = Extension;
			sourceTree = "<group>";
		};
		7DBDE39926BE695300478255 /* Utility */ = {
			isa = PBXGroup;
			children = (
				7DBDE39B26BE69CC00478255 /* Constant.swift */,
			);
			path = Utility;
			sourceTree = "<group>";
		};
/* End PBXGroup section */

/* Begin PBXNativeTarget section */
		7DBDE37226BE66A300478255 /* Touchdown */ = {
			isa = PBXNativeTarget;
			buildConfigurationList = 7DBDE38226BE66A800478255 /* Build configuration list for PBXNativeTarget "Touchdown" */;
			buildPhases = (
				7DBDE36F26BE66A300478255 /* Sources */,
				7DBDE37026BE66A300478255 /* Frameworks */,
				7DBDE37126BE66A300478255 /* Resources */,
			);
			buildRules = (
			);
			dependencies = (
			);
			name = Touchdown;
			productName = Touchdown;
			productReference = 7DBDE37326BE66A300478255 /* Touchdown.app */;
			productType = "com.apple.product-type.application";
		};
/* End PBXNativeTarget section */

/* Begin PBXProject section */
		7DBDE36B26BE66A300478255 /* Project object */ = {
			isa = PBXProject;
			attributes = {
				LastSwiftUpdateCheck = 1240;
				LastUpgradeCheck = 1240;
				TargetAttributes = {
					7DBDE37226BE66A300478255 = {
						CreatedOnToolsVersion = 12.4;
					};
				};
			};
			buildConfigurationList = 7DBDE36E26BE66A300478255 /* Build configuration list for PBXProject "Touchdown" */;
			compatibilityVersion = "Xcode 9.3";
			developmentRegion = en;
			hasScannedForEncodings = 0;
			knownRegions = (
				en,
				Base,
			);
			mainGroup = 7DBDE36A26BE66A300478255;
			productRefGroup = 7DBDE37426BE66A300478255 /* Products */;
			projectDirPath = "";
			projectRoot = "";
			targets = (
				7DBDE37226BE66A300478255 /* Touchdown */,
			);
		};
/* End PBXProject section */

/* Begin PBXResourcesBuildPhase section */
		7DBDE37126BE66A300478255 /* Resources */ = {
			isa = PBXResourcesBuildPhase;
			buildActionMask = 2147483647;
			files = (
				7DBDE38D26BE678900478255 /* player.json in Resources */,
				7DBDE38B26BE678900478255 /* category.json in Resources */,
				7DBDE38C26BE678900478255 /* brand.json in Resources */,
				7DBDE37E26BE66A800478255 /* Preview Assets.xcassets in Resources */,
				7DBDE37B26BE66A800478255 /* Assets.xcassets in Resources */,
				7DBDE38E26BE678900478255 /* product.json in Resources */,
			);
			runOnlyForDeploymentPostprocessing = 0;
		};
/* End PBXResourcesBuildPhase section */

/* Begin PBXSourcesBuildPhase section */
		7DBDE36F26BE66A300478255 /* Sources */ = {
			isa = PBXSourcesBuildPhase;
			buildActionMask = 2147483647;
			files = (
				7DBDE37926BE66A300478255 /* ContentView.swift in Sources */,
				7DBDE3A826BE72C800478255 /* LogoView.swift in Sources */,
				7DBDE3A026BE6AF400478255 /* FooterView.swift in Sources */,
				7DBDE37726BE66A300478255 /* TouchdownApp.swift in Sources */,
				7DBDE39C26BE69CC00478255 /* Constant.swift in Sources */,
				7DBDE3A526BE714100478255 /* NavigationBarView.swift in Sources */,
			);
			runOnlyForDeploymentPostprocessing = 0;
		};
/* End PBXSourcesBuildPhase section */

/* Begin XCBuildConfiguration section */
		7DBDE38026BE66A800478255 /* Debug */ = {
			isa = XCBuildConfiguration;
			buildSettings = {
				ALWAYS_SEARCH_USER_PATHS = NO;
				CLANG_ANALYZER_NONNULL = YES;
				CLANG_ANALYZER_NUMBER_OBJECT_CONVERSION = YES_AGGRESSIVE;
				CLANG_CXX_LANGUAGE_STANDARD = "gnu++14";
				CLANG_CXX_LIBRARY = "libc++";
				CLANG_ENABLE_MODULES = YES;
				CLANG_ENABLE_OBJC_ARC = YES;
				CLANG_ENABLE_OBJC_WEAK = YES;
				CLANG_WARN_BLOCK_CAPTURE_AUTORELEASING = YES;
				CLANG_WARN_BOOL_CONVERSION = YES;
				CLANG_WARN_COMMA = YES;
				CLANG_WARN_CONSTANT_CONVERSION = YES;
				CLANG_WARN_DEPRECATED_OBJC_IMPLEMENTATIONS = YES;
				CLANG_WARN_DIRECT_OBJC_ISA_USAGE = YES_ERROR;
				CLANG_WARN_DOCUMENTATION_COMMENTS = YES;
				CLANG_WARN_EMPTY_BODY = YES;
				CLANG_WARN_ENUM_CONVERSION = YES;
				CLANG_WARN_INFINITE_RECURSION = YES;
				CLANG_WARN_INT_CONVERSION = YES;
				CLANG_WARN_NON_LITERAL_NULL_CONVERSION = YES;
				CLANG_WARN_OBJC_IMPLICIT_RETAIN_SELF = YES;
				CLANG_WARN_OBJC_LITERAL_CONVERSION = YES;
				CLANG_WARN_OBJC_ROOT_CLASS = YES_ERROR;
				CLANG_WARN_QUOTED_INCLUDE_IN_FRAMEWORK_HEADER = YES;
				CLANG_WARN_RANGE_LOOP_ANALYSIS = YES;
				CLANG_WARN_STRICT_PROTOTYPES = YES;
				CLANG_WARN_SUSPICIOUS_MOVE = YES;
				CLANG_WARN_UNGUARDED_AVAILABILITY = YES_AGGRESSIVE;
				CLANG_WARN_UNREACHABLE_CODE = YES;
				CLANG_WARN__DUPLICATE_METHOD_MATCH = YES;
				COPY_PHASE_STRIP = NO;
				DEBUG_INFORMATION_FORMAT = dwarf;
				ENABLE_STRICT_OBJC_MSGSEND = YES;
				ENABLE_TESTABILITY = YES;
				GCC_C_LANGUAGE_STANDARD = gnu11;
				GCC_DYNAMIC_NO_PIC = NO;
				GCC_NO_COMMON_BLOCKS = YES;
				GCC_OPTIMIZATION_LEVEL = 0;
				GCC_PREPROCESSOR_DEFINITIONS = (
					"DEBUG=1",
					"$(inherited)",
				);
				GCC_WARN_64_TO_32_BIT_CONVERSION = YES;
				GCC_WARN_ABOUT_RETURN_TYPE = YES_ERROR;
				GCC_WARN_UNDECLARED_SELECTOR = YES;
				GCC_WARN_UNINITIALIZED_AUTOS = YES_AGGRESSIVE;
				GCC_WARN_UNUSED_FUNCTION = YES;
				GCC_WARN_UNUSED_VARIABLE = YES;
				IPHONEOS_DEPLOYMENT_TARGET = 14.4;
				MTL_ENABLE_DEBUG_INFO = INCLUDE_SOURCE;
				MTL_FAST_MATH = YES;
				ONLY_ACTIVE_ARCH = YES;
				SDKROOT = iphoneos;
				SWIFT_ACTIVE_COMPILATION_CONDITIONS = DEBUG;
				SWIFT_OPTIMIZATION_LEVEL = "-Onone";
			};
			name = Debug;
		};
		7DBDE38126BE66A800478255 /* Release */ = {
			isa = XCBuildConfiguration;
			buildSettings = {
				ALWAYS_SEARCH_USER_PATHS = NO;
				CLANG_ANALYZER_NONNULL = YES;
				CLANG_ANALYZER_NUMBER_OBJECT_CONVERSION = YES_AGGRESSIVE;
				CLANG_CXX_LANGUAGE_STANDARD = "gnu++14";
				CLANG_CXX_LIBRARY = "libc++";
				CLANG_ENABLE_MODULES = YES;
				CLANG_ENABLE_OBJC_ARC = YES;
				CLANG_ENABLE_OBJC_WEAK = YES;
				CLANG_WARN_BLOCK_CAPTURE_AUTORELEASING = YES;
				CLANG_WARN_BOOL_CONVERSION = YES;
				CLANG_WARN_COMMA = YES;
				CLANG_WARN_CONSTANT_CONVERSION = YES;
				CLANG_WARN_DEPRECATED_OBJC_IMPLEMENTATIONS = YES;
				CLANG_WARN_DIRECT_OBJC_ISA_USAGE = YES_ERROR;
				CLANG_WARN_DOCUMENTATION_COMMENTS = YES;
				CLANG_WARN_EMPTY_BODY = YES;
				CLANG_WARN_ENUM_CONVERSION = YES;
				CLANG_WARN_INFINITE_RECURSION = YES;
				CLANG_WARN_INT_CONVERSION = YES;
				CLANG_WARN_NON_LITERAL_NULL_CONVERSION = YES;
				CLANG_WARN_OBJC_IMPLICIT_RETAIN_SELF = YES;
				CLANG_WARN_OBJC_LITERAL_CONVERSION = YES;
				CLANG_WARN_OBJC_ROOT_CLASS = YES_ERROR;
				CLANG_WARN_QUOTED_INCLUDE_IN_FRAMEWORK_HEADER = YES;
				CLANG_WARN_RANGE_LOOP_ANALYSIS = YES;
				CLANG_WARN_STRICT_PROTOTYPES = YES;
				CLANG_WARN_SUSPICIOUS_MOVE = YES;
				CLANG_WARN_UNGUARDED_AVAILABILITY = YES_AGGRESSIVE;
				CLANG_WARN_UNREACHABLE_CODE = YES;
				CLANG_WARN__DUPLICATE_METHOD_MATCH = YES;
				COPY_PHASE_STRIP = NO;
				DEBUG_INFORMATION_FORMAT = "dwarf-with-dsym";
				ENABLE_NS_ASSERTIONS = NO;
				ENABLE_STRICT_OBJC_MSGSEND = YES;
				GCC_C_LANGUAGE_STANDARD = gnu11;
				GCC_NO_COMMON_BLOCKS = YES;
				GCC_WARN_64_TO_32_BIT_CONVERSION = YES;
				GCC_WARN_ABOUT_RETURN_TYPE = YES_ERROR;
				GCC_WARN_UNDECLARED_SELECTOR = YES;
				GCC_WARN_UNINITIALIZED_AUTOS = YES_AGGRESSIVE;
				GCC_WARN_UNUSED_FUNCTION = YES;
				GCC_WARN_UNUSED_VARIABLE = YES;
				IPHONEOS_DEPLOYMENT_TARGET = 14.4;
				MTL_ENABLE_DEBUG_INFO = NO;
				MTL_FAST_MATH = YES;
				SDKROOT = iphoneos;
				SWIFT_COMPILATION_MODE = wholemodule;
				SWIFT_OPTIMIZATION_LEVEL = "-O";
				VALIDATE_PRODUCT = YES;
			};
			name = Release;
		};
		7DBDE38326BE66A800478255 /* Debug */ = {
			isa = XCBuildConfiguration;
			buildSettings = {
				ASSETCATALOG_COMPILER_APPICON_NAME = AppIcon;
				ASSETCATALOG_COMPILER_GLOBAL_ACCENT_COLOR_NAME = AccentColor;
				CODE_SIGN_STYLE = Automatic;
				DEVELOPMENT_ASSET_PATHS = "\"Touchdown/Preview Content\"";
				DEVELOPMENT_TEAM = 476W3V97E8;
				ENABLE_PREVIEWS = YES;
				INFOPLIST_FILE = Touchdown/Info.plist;
				IPHONEOS_DEPLOYMENT_TARGET = 14.0;
				LD_RUNPATH_SEARCH_PATHS = (
					"$(inherited)",
					"@executable_path/Frameworks",
				);
				PRODUCT_BUNDLE_IDENTIFIER = sideproject.Touchdown;
				PRODUCT_NAME = "$(TARGET_NAME)";
				SWIFT_VERSION = 5.0;
				TARGETED_DEVICE_FAMILY = "1,2";
			};
			name = Debug;
		};
		7DBDE38426BE66A800478255 /* Release */ = {
			isa = XCBuildConfiguration;
			buildSettings = {
				ASSETCATALOG_COMPILER_APPICON_NAME = AppIcon;
				ASSETCATALOG_COMPILER_GLOBAL_ACCENT_COLOR_NAME = AccentColor;
				CODE_SIGN_STYLE = Automatic;
				DEVELOPMENT_ASSET_PATHS = "\"Touchdown/Preview Content\"";
				DEVELOPMENT_TEAM = 476W3V97E8;
				ENABLE_PREVIEWS = YES;
				INFOPLIST_FILE = Touchdown/Info.plist;
				IPHONEOS_DEPLOYMENT_TARGET = 14.0;
				LD_RUNPATH_SEARCH_PATHS = (
					"$(inherited)",
					"@executable_path/Frameworks",
				);
				PRODUCT_BUNDLE_IDENTIFIER = sideproject.Touchdown;
				PRODUCT_NAME = "$(TARGET_NAME)";
				SWIFT_VERSION = 5.0;
				TARGETED_DEVICE_FAMILY = "1,2";
			};
			name = Release;
		};
/* End XCBuildConfiguration section */

/* Begin XCConfigurationList section */
		7DBDE36E26BE66A300478255 /* Build configuration list for PBXProject "Touchdown" */ = {
			isa = XCConfigurationList;
			buildConfigurations = (
				7DBDE38026BE66A800478255 /* Debug */,
				7DBDE38126BE66A800478255 /* Release */,
			);
			defaultConfigurationIsVisible = 0;
			defaultConfigurationName = Release;
		};
		7DBDE38226BE66A800478255 /* Build configuration list for PBXNativeTarget "Touchdown" */ = {
			isa = XCConfigurationList;
			buildConfigurations = (
				7DBDE38326BE66A800478255 /* Debug */,
				7DBDE38426BE66A800478255 /* Release */,
			);
			defaultConfigurationIsVisible = 0;
			defaultConfigurationName = Release;
		};
/* End XCConfigurationList section */
	};
	rootObject = 7DBDE36B26BE66A300478255 /* Project object */;
}
